# Curated from uv.lock for CPython 3.13.15 on osx-arm64 with uv 0.12.7.
# Installed with --no-deps. diskcache and diskcache-stubs are intentionally
# absent: the closed helper never imports pySigma's remote MITRE data modules.
altgraph==0.17.5 \
    --hash=sha256:c87b395dd12fabde9c99573a9749d67da8d29ef9de0125c7f536699b4a9bc9e7 \
    --hash=sha256:f3a22400bce1b0c701683820ac4f3b159cd301acab067c51c653e06961600597
    # via
    #   macholib
    #   pyinstaller
certifi==2026.7.22 \
    --hash=sha256:62f22742b58a1a33014a2b6b706588a8d7e2a88ae7bd1a6ebe8c992928483775 \
    --hash=sha256:741e2c3b351ddf169a738da9f2c048608ff7f2c5cc02f1ebc6b118bb090d5d55
    # via
    #   pysigma-backend-kusto
    #   requests
charset-normalizer==3.5.1 \
    --hash=sha256:0d929fc574b4d6fd9e7c0f5c2ede8716a41911923aa7fa5fce38e0818aa4a1ac \
    --hash=sha256:2f293479cce755c75f1697e87c409b7ae4c555c7dfecb6e988ad13abba943031 \
    --hash=sha256:343fb4f2821043bd87095f7b08a1a181febc8e36ac64212143bbfd0a0e1bc235 \
    --hash=sha256:3588e376b3ea2eea84976f67273d679f229e24c66dce7b82ae45aef04ff6e072 \
    --hash=sha256:35fe081843b35aad20ffeccec3eeffbe637b15d14f3fb22cc1b59cd8ec17e93c \
    --hash=sha256:36047af20e17097c3bb9476c2b7655f2f7aa51322c0ba58c07695bedf755a950 \
    --hash=sha256:394fea06235c8543390050ed5f529187074b029fb027213f6c46ac11ab5d950e \
    --hash=sha256:41876ee62a3dddf48ff1121ad8f0798032aa03f2fd35f21f34a4cab14f18d8d2 \
    --hash=sha256:485a0d363cafefcd2538a73c7c838daa2035f09b2c9f9b5e3133f80c6aeb84c2 \
    --hash=sha256:4b599739b93b2cbeded49645ae3c8d1405c29ddfbceac1545c87a3f9580a9e96 \
    --hash=sha256:4c4fb141a727957c93edfe5c32a26ceb6b5f6461d67146e2d39f51e16170bea8 \
    --hash=sha256:4f298bdadb8f0b9e5672877f647d1be9373ef5320c9e2f049795e26cad28b6a9 \
    --hash=sha256:5c0ea61a470e070686aa30892fed79e297d2c8d0ab46b8bcdf027d38c51da591 \
    --hash=sha256:6117b84ea48435e5356dc737f5121485c30920ba43375fa7b434fd753df0eac3 \
    --hash=sha256:62b55f6722735a6c472f88361cde6640608773d9443cebdbb51abf436a1fcdd3 \
    --hash=sha256:6df0ec430f9a831772c23ca5a224cba36517a58a84bb32c32bb59a9fa67c47f6 \
    --hash=sha256:70055ff39b97c99e7ae40ea3e393fb62aa2e44dbd9b29f8d14f42fb0025c3959 \
    --hash=sha256:87e4f41d375c0b9be2fb5251aee4b8a689169e134535aed81bf085c3b647451e \
    --hash=sha256:88ca277405c2d3b71c4e1c2ee0e7966e807bcba86a69d11e19ba199d18ae4491 \
    --hash=sha256:90b7481fb62fbe172c558bc6fd1c4c98d82004a54a7551f20e11ac9bf0b8708c \
    --hash=sha256:9362dd90aa7dab48c0054a21187791ccf05473f7dba5d92b8033ae62164675e7 \
    --hash=sha256:94d78ecec2605a8d0398b0f365d5f12a63248438516f5dac536a5eff7337df4a \
    --hash=sha256:977cdbd483a9cff38179bea4fd754289a6f2195c7abd414aba85410b3e66cc5e \
    --hash=sha256:9d9a0dc7cbe9bec24c3f767c9122c41fe5a1bc43f47cd099d00d393e09769de4 \
    --hash=sha256:a2028475ba855475b8b4d3cfeb4994269c967aea8b9892dfba907f4263a863a3 \
    --hash=sha256:a6dac12ff6b846103483683f60c5f8fee205121adc58ffd87e90a90a3af69e99 \
    --hash=sha256:ae4a097991662cd4fff0ddc74e0fe7874f82e00042fa0ea00855645ed0c79598 \
    --hash=sha256:aea996a6aba25260827c9ea511d1addfde2da9eb686ac961838509086188b7e6 \
    --hash=sha256:b39b69b347e5e47a3b5b8cfc005c68c1ba347474e3960236c4944a8ecd174962 \
    --hash=sha256:c71fb0d56c920c269cd3e2e3fe7c610e3f1fdb21a6ce60efa6430ff63676cea6 \
    --hash=sha256:cee5dd7c6fb5dd52a0fe2a740f9bc6e3593f5f8b1788bde49de02086f30182b2 \
    --hash=sha256:d59b75732e9b6f27388e10c14b0259cc5f2e48c78627d185e6a177b58ad3cffe \
    --hash=sha256:d63600d620ad0064c3a748b950ac5ea38a80190e5498532efefa4b7b3f1da1f3 \
    --hash=sha256:dd732602a7009217f658d5863d12d79d373a4de0eebc111094bcdd3bb8e0a6cc \
    --hash=sha256:e199fb99720074809a7720f1c0b4d919eea8b87e88713e0f8f602f7bef543d9d \
    --hash=sha256:e90251c0c7bdd54a100a0dce3c07b7e637278c93af29dbf78ebb89a58c4bac7d \
    --hash=sha256:fa48b1b63d639f9483e0633e092f5851e2348c352f1f9bb6c8182f87884ef876 \
    --hash=sha256:fd0350afdc3aabd5576f60ea109228bd5538139713c7b094c5cd27c73a98bc6f \
    --hash=sha256:fd0a274c0e5f9a21565cd9d3dd749b61f96b7aa1e20a93aa1ba4029518f2e5c0
    # via requests
idna==3.19 \
    --hash=sha256:5e0811a4383b21dc5838069f801c4fb62113b7447663d2530d2bd6e77b49bf15 \
    --hash=sha256:815e7be7a7806d54abb586dc943addc79e8b2ee16915059658cbeff4b1b43bf4
    # via requests
jinja2==3.1.6 \
    --hash=sha256:0137fb05990d35f1275a587e9aee6d56da821fc83491a0fb838183be43f66d6d \
    --hash=sha256:85ece4451f492d0c13c5dd7c13a64681a86afae63a5f347908daf103ce6d2f67
    # via pysigma
jq==1.12.0 \
    --hash=sha256:0aa7f4e5ce5ae25f9621d0a7037a3bb141bfd7e0eef2f12887cdd88923b3dc0c \
    --hash=sha256:13650dfae6a74c7f411d2286dfc24f806e8575b02348528700ebc8abe320223b \
    --hash=sha256:28e4ff0948e320223980ed0775e530c697be88fe4d8fa9ed06ac2de45128602d \
    --hash=sha256:53664049ad40e17b2314cf595badad280130ce560bace634773226e4b77caeaa \
    --hash=sha256:729b2d3418c8ca7dccfaa66b9fb7a98bec28474212650d27c5c04358ce26f55c \
    --hash=sha256:7ae30d76711018c6d1516b945e7f4aeddcc83484ed681e44bae526371ed2283d \
    --hash=sha256:becef68da44da901e60821d8fe7e2a38f07fe59a25447a2b8d8cbf3cfaabd04e \
    --hash=sha256:de62400d166593bcdd643b98283d3df728d87dc7415bd4fe5d8d252c5bc372e6
    # via pysigma
macholib==1.16.4 ; sys_platform == 'darwin' \
    --hash=sha256:da1a3fa8266e30f0ce7e97c6a54eefaae8edd1e5f86f3eb8b95457cae90265ea \
    --hash=sha256:f408c93ab2e995cd2c46e34fe328b130404be143469e41bc366c807448979362
    # via pyinstaller
markupsafe==3.0.3 \
    --hash=sha256:116bb52f642a37c115f517494ea5feb03889e04df47eeff5b130b1808ce7c219 \
    --hash=sha256:12c63dfb4a98206f045aa9563db46507995f7ef6d83b2f68eda65c307c6829eb \
    --hash=sha256:133a43e73a802c5562be9bbcd03d090aa5a1fe899db609c29e8c8d815c5f6de6 \
    --hash=sha256:1b4b79e8ebf6b55351f0d91fe80f893b4743f104bff22e90697db1590e47a218 \
    --hash=sha256:218551f6df4868a8d527e3062d0fb968682fe92054e89978594c28e642c43a73 \
    --hash=sha256:3524b778fe5cfb3452a09d31e7b5adefeea8c5be1d43c4f810ba09f2ceb29d37 \
    --hash=sha256:4e885a3d1efa2eadc93c894a21770e4bc67899e3543680313b09f139e149ab19 \
    --hash=sha256:509fa21c6deb7a7a273d629cf5ec029bc209d1a51178615ddf718f5918992ab9 \
    --hash=sha256:69c0b73548bc525c8cb9a251cddf1931d1db4d2258e9599c28c07ef3580ef354 \
    --hash=sha256:722695808f4b6457b320fdc131280796bdceb04ab50fe1795cd540799ebe1698 \
    --hash=sha256:795e7751525cae078558e679d646ae45574b47ed6e7771863fcc079a6171a0fc \
    --hash=sha256:7e68f88e5b8799aa49c85cd116c932a1ac15caaa3f5db09087854d218359e485 \
    --hash=sha256:8485f406a96febb5140bfeca44a73e3ce5116b2501ac54fe953e488fb1d03b12 \
    --hash=sha256:8709b08f4a89aa7586de0aadc8da56180242ee0ada3999749b183aa23df95025 \
    --hash=sha256:8f71bc33915be5186016f675cd83a1e08523649b0e33efdb898db577ef5bb009 \
    --hash=sha256:9a1abfdc021a164803f4d485104931fb8f8c1efd55bc6b748d2f5774e78b62c5 \
    --hash=sha256:9b79b7a16f7fedff2495d684f2b59b0457c3b493778c9eed31111be64d58279f \
    --hash=sha256:a4afe79fb3de0b7097d81da19090f4df4f8d3a2b3adaa8764138aac2e44f3af1 \
    --hash=sha256:ad2cf8aa28b8c020ab2fc8287b0f823d0a7d8630784c31e9ee5edea20f406287 \
    --hash=sha256:b8512a91625c9b3da6f127803b166b629725e68af71f8184ae7e7d54686a56d6 \
    --hash=sha256:bdd37121970bfd8be76c5fb069c7751683bdf373db1ed6c010162b2a130248ed \
    --hash=sha256:ccfcd093f13f0f0b7fdd0f198b90053bf7b2f02a3927a30e63f3ccc9df56b676 \
    --hash=sha256:e1cf1972137e83c5d4c136c43ced9ac51d0e124706ee1c8aa8532c1287fa8795
    # via jinja2
packaging==26.3 \
    --hash=sha256:94edc256424af38762eb31306eed28beb9f0efc50a8837492c9d6fd6004aed79 \
    --hash=sha256:d7193f7c8e4e93f444fde0262bf90af30e16fa0ad0ad44cb553c87339b23cd1c
    # via
    #   pyinstaller
    #   pyinstaller-hooks-contrib
    #   pysigma
pefile==2024.8.26 ; sys_platform == 'win32' \
    --hash=sha256:3ff6c5d8b43e8c37bb6e6dd5085658d658a7a0bdcd20b6a07b1fcfc1c4e9d632 \
    --hash=sha256:76f8b485dcd3b1bb8166f1128d395fa3d87af26360c2358fb75b80019b957c6f
    # via pyinstaller
pyinstaller==6.22.2 \
    --hash=sha256:0260eaad6be3f6fbc1affffe6dc7b8e5b636dbca51b463224daba971610b6fc1 \
    --hash=sha256:06d7b3827a8049db4a2d47e3ec4ae2f69a1041577d8833b8f169745cde573ab4 \
    --hash=sha256:7bee432404eca5dc3ef37c36811c266561b03988f6d3e70ab0fa5352dd5de9e4 \
    --hash=sha256:89b65a3ad07d9dd5832253e37bc45f31872d10d7f9d5c9fd0fdd6088a83829dd \
    --hash=sha256:8c2c4b14caad38c1f3df8e9bf5276fc265e27fe8b4180cab4a37864288427bc0 \
    --hash=sha256:9622686ecc5d5fa492fe6cde29d47df9dd41138cff8177be9f901ca3260f2096 \
    --hash=sha256:9a078877caa3920558a3242d0a7019fe5b825cff4b65ed380c7d1e1bd200ddd9 \
    --hash=sha256:9b990fa6bbe143572f06644a984ad0d7aa2e2ccc6929d4916031343a5888e9a7 \
    --hash=sha256:afb6f9a95d19b6dcd3a7decc40d9adb6ba9c4f8802ddd6c972dfb552953f384e \
    --hash=sha256:becb47ad78272bede87acf2ed830d7545a8f65ab11d06a68fe2b99ba1afaac6d \
    --hash=sha256:ebd1b1ca932d7cf25d7366ce691aaf79a5ff9425811ed7328b5116e4471b6d6d \
    --hash=sha256:f5ccb847451df4207bce18bf53a57b124c9bb4e7e4bad08c5ecc627bcf00b28c
    # via coh-pysigma-helper
pyinstaller-hooks-contrib==2026.7 \
    --hash=sha256:24257a04c7a5a7a034cf28e39dcee20fbeeb9f043076729480f2e1b69904408a \
    --hash=sha256:5fbcaacb22c4f4aac869a127dce283f67a4b4cfcc37d496f2446603e6d68aefa
    # via pyinstaller
pyparsing==3.3.2 \
    --hash=sha256:850ba148bd908d7e2411587e247a1e4f0327839c40e2e5e6d05a007ecc69911d \
    --hash=sha256:c777f4d763f140633dcb6d8a3eda953bf7a214dc4eff598413c070bcdc117cbc
    # via pysigma
pysigma==1.5.0 \
    --hash=sha256:2c258cf676d2896c94279fb54c7eea664118cf08285bde122b4df75cc7b6b194 \
    --hash=sha256:871452a262aedb17d9e85344142944c5a0ac50e8b57408ec355efeb1329231b6
    # via
    #   coh-pysigma-helper
    #   pysigma-backend-elasticsearch
    #   pysigma-backend-kusto
    #   pysigma-backend-splunk
pysigma-backend-elasticsearch==2.1.0 \
    --hash=sha256:176a6bbc24b5b67aa597d03030370b9e4af9827d19767baf3c3b4bc27267a79e \
    --hash=sha256:d4b6ed1566fd8cca05a5d175d6d5dc644e0a863b94eab4025679c9550de1b881
    # via coh-pysigma-helper
pysigma-backend-kusto==1.0.1 \
    --hash=sha256:4c7d50bc230c82cc30cf35cdea1c381ca744b3194107e6419d0ba0cd8bfd1224 \
    --hash=sha256:8b6a6763a2839b8bc75e333ea2bcb2f3bb07d98b46072a1bef602c1e9b504799
    # via coh-pysigma-helper
pysigma-backend-splunk==2.1.0 \
    --hash=sha256:90da654b17c7a396ba23af14a29ed559c562ae5bb60c4ceda47cd9744dd3581c \
    --hash=sha256:ca4d2d0e4c7f766a4daf551489ab20366578163e6ac838fc59bb6d3f2a1423e9
    # via coh-pysigma-helper
pywin32-ctypes==0.2.3 ; sys_platform == 'win32' \
    --hash=sha256:8a1513379d709975552d202d942d9837758905c8d01eb82b8bcc30918929e7b8 \
    --hash=sha256:d162dc04946d704503b2edc4d55f3dba5c1d539ead017afa00142c38b9885755
    # via pyinstaller
pyyaml==6.0.3 \
    --hash=sha256:0f29edc409a6392443abf94b9cf89ce99889a1dd5376d94316ae5145dfedd5d6 \
    --hash=sha256:2283a07e2c21a2aa78d9c4442724ec1eb15f5e42a723b99cb3d822d48f5f7ad1 \
    --hash=sha256:5498cd1645aa724a7c71c8f378eb29ebe23da2fc0d7a08071d89469bf1d2defb \
    --hash=sha256:79005a0d97d5ddabfeeea4cf676af11e647e41d81c9a7722a193022accdb6b7c \
    --hash=sha256:8da9669d359f02c0b91ccc01cac4a67f16afec0dac22c2ad09f46bee0697eba8 \
    --hash=sha256:a33284e20b78bd4a18c8c2282d549d10bc8408a2a7ff57653c0cf0b9be0afce5 \
    --hash=sha256:d0eae10f8159e8fdad514efdc92d74fd8d682c933a6dd088030f3834bc8e6b26 \
    --hash=sha256:d76623373421df22fb4cf8817020cbb7ef15c725b9d5e45f17e189bfc384190f \
    --hash=sha256:eda16858a3cab07b80edaf74336ece1f986ba330fdb8ee0d6c0d68fe82bc96be \
    --hash=sha256:ee2922902c45ae8ccada2c5b501ab86c36525b883eff4255313a253a3160861c \
    --hash=sha256:f7057c9a337546edc7973c0d3ba84ddcdf0daa14533c2065749c9075001090e6
    # via
    #   pysigma
    #   pysigma-backend-elasticsearch
requests==2.34.2 \
    --hash=sha256:2a0d60c172f83ac6ab31e4554906c0f3b3588d37b5cb939b1c061f4907e278e0 \
    --hash=sha256:f288924cae4e29463698d6d60bc6a4da69c89185ad1e0bcc4104f584e960b9ed
    # via pysigma
setuptools==84.0.0 \
    --hash=sha256:51a52592b3b99e102b609654876bd65f19f999935166d1352678931132b0c670 \
    --hash=sha256:f4695c21257f0d9b537ec2692c941d02ee143b7cc1276941349a546573b2ef73
    # via pyinstaller
types-pyyaml==6.0.12.20260815 \
    --hash=sha256:28764110c9cf35846e733da32d8d734df7473c5dde9ef67c3b7332ec0e819858 \
    --hash=sha256:6f332212b7e191f3afd5016a713c510b6340593b7ebec573c7d5d20aa5386d3b
    # via pysigma
typing-extensions==4.16.0 \
    --hash=sha256:481caa481374e813c1b176ada14e97f1f67a4539ce9cfeb3f350d78d6370c2e8 \
    --hash=sha256:dc983d19a509c94dba722ee6abd33940f7c05a89e243c47e907eb4db6f1a43e5
    # via pysigma
urllib3==2.7.0 \
    --hash=sha256:231e0ec3b63ceb14667c67be60f2f2c40a518cb38b03af60abc813da26505f4c \
    --hash=sha256:9fb4c81ebbb1ce9531cce37674bbc6f1360472bc18ca9a553ede278ef7276897
    # via requests
