{
  "version": 1,
  "dependencies": {
    "net10.0": {
      "Microsoft.Azure.Kusto.Language": {
        "type": "Transitive",
        "resolved": "12.4.1",
        "contentHash": "dGBoTUv6G3060cLgWQwqHeKr5afhgXV+cMp0s8hBI8VHXt1EUgP9AqXgbJtnJFH8dmKUppX1YSzJpm5gFUQgVw=="
      },
      "coh-kusto-validator": {
        "type": "Project",
        "dependencies": {
          "Microsoft.Azure.Kusto.Language": "[12.4.1, )"
        }
      }
    }
  }
}